Microsoft Visual Studio Solution File, Format Version 12.00
# Visual Studio Version 17
VisualStudioVersion = 17.0.31611.283
MinimumVisualStudioVersion = 10.0.40219.1
Project("{9A19103F-16F7-4668-BE54-9A1E7A4F7556}") = "Calendario2", "Calendario2\Calendario2.csproj", "{CF05D6DB-FEB7-4379-94A4-88F018D03462}"
EndProject
Project("{9A19103F-16F7-4668-BE54-9A1E7A4F7556}") = "CalendarioMAUI", "CalendarioMAUI\CalendarioMAUI.csproj", "{1D5BD8EC-C93A-403B-9B0E-88E0EF9763BE}"
EndProject
Project("{9A19103F-16F7-4668-BE54-9A1E7A4F7556}") = "ApiCalcoreMAUI", "ApiCalcoreMAUI\ApiCalcoreMAUI.csproj", "{9B9979B0-AB0C-4DE5-8C7C-FEB88BBEC277}"
EndProject
Project("{9A19103F-16F7-4668-BE54-9A1E7A4F7556}") = "ClasesMAUI", "ClasesMAUI\ClasesMAUI.csproj", "{1075A1EB-DC27-4388-8DE8-717431FF5D05}"
EndProject
Project("{9A19103F-16F7-4668-BE54-9A1E7A4F7556}") = "ApiCalCore2", "ApiCalCore2\ApiCalCore2.csproj", "{B07FC4BF-CFC1-48CD-9566-AC828074487B}"
EndProject
Project("{9A19103F-16F7-4668-BE54-9A1E7A4F7556}") = "ApiCal3", "ApiCal3\ApiCal3.csproj", "{F917DB3D-ED98-4EDA-B00E-E949896961AF}"
EndProject
Global
	GlobalSection(SolutionConfigurationPlatforms) = preSolution
		Debug|Any CPU = Debug|Any CPU
		Debug|x64 = Debug|x64
		Release|Any CPU = Release|Any CPU
		Release|x64 = Release|x64
	EndGlobalSection
	GlobalSection(ProjectConfigurationPlatforms) = postSolution
		{CF05D6DB-FEB7-4379-94A4-88F018D03462}.Debug|Any CPU.ActiveCfg = Debug|Any CPU
		{CF05D6DB-FEB7-4379-94A4-88F018D03462}.Debug|Any CPU.Build.0 = Debug|Any CPU
		{CF05D6DB-FEB7-4379-94A4-88F018D03462}.Debug|x64.ActiveCfg = Debug|x64
		{CF05D6DB-FEB7-4379-94A4-88F018D03462}.Debug|x64.Build.0 = Debug|x64
		{CF05D6DB-FEB7-4379-94A4-88F018D03462}.Release|Any CPU.ActiveCfg = Release|Any CPU
		{CF05D6DB-FEB7-4379-94A4-88F018D03462}.Release|Any CPU.Build.0 = Release|Any CPU
		{CF05D6DB-FEB7-4379-94A4-88F018D03462}.Release|x64.ActiveCfg = Release|Any CPU
		{CF05D6DB-FEB7-4379-94A4-88F018D03462}.Release|x64.Build.0 = Release|Any CPU
		{1D5BD8EC-C93A-403B-9B0E-88E0EF9763BE}.Debug|Any CPU.ActiveCfg = Debug|Any CPU
		{1D5BD8EC-C93A-403B-9B0E-88E0EF9763BE}.Debug|Any CPU.Build.0 = Debug|Any CPU
		{1D5BD8EC-C93A-403B-9B0E-88E0EF9763BE}.Debug|Any CPU.Deploy.0 = Debug|Any CPU
		{1D5BD8EC-C93A-403B-9B0E-88E0EF9763BE}.Debug|x64.ActiveCfg = Debug|x64
		{1D5BD8EC-C93A-403B-9B0E-88E0EF9763BE}.Debug|x64.Build.0 = Debug|x64
		{1D5BD8EC-C93A-403B-9B0E-88E0EF9763BE}.Debug|x64.Deploy.0 = Debug|x64
		{1D5BD8EC-C93A-403B-9B0E-88E0EF9763BE}.Release|Any CPU.ActiveCfg = Release|Any CPU
		{1D5BD8EC-C93A-403B-9B0E-88E0EF9763BE}.Release|Any CPU.Build.0 = Release|Any CPU
		{1D5BD8EC-C93A-403B-9B0E-88E0EF9763BE}.Release|Any CPU.Deploy.0 = Release|Any CPU
		{1D5BD8EC-C93A-403B-9B0E-88E0EF9763BE}.Release|x64.ActiveCfg = Release|Any CPU
		{1D5BD8EC-C93A-403B-9B0E-88E0EF9763BE}.Release|x64.Build.0 = Release|Any CPU
		{1D5BD8EC-C93A-403B-9B0E-88E0EF9763BE}.Release|x64.Deploy.0 = Release|Any CPU
		{9B9979B0-AB0C-4DE5-8C7C-FEB88BBEC277}.Debug|Any CPU.ActiveCfg = Debug|Any CPU
		{9B9979B0-AB0C-4DE5-8C7C-FEB88BBEC277}.Debug|Any CPU.Build.0 = Debug|Any CPU
		{9B9979B0-AB0C-4DE5-8C7C-FEB88BBEC277}.Debug|x64.ActiveCfg = Debug|x64
		{9B9979B0-AB0C-4DE5-8C7C-FEB88BBEC277}.Debug|x64.Build.0 = Debug|x64
		{9B9979B0-AB0C-4DE5-8C7C-FEB88BBEC277}.Release|Any CPU.ActiveCfg = Release|Any CPU
		{9B9979B0-AB0C-4DE5-8C7C-FEB88BBEC277}.Release|Any CPU.Build.0 = Release|Any CPU
		{9B9979B0-AB0C-4DE5-8C7C-FEB88BBEC277}.Release|x64.ActiveCfg = Release|Any CPU
		{9B9979B0-AB0C-4DE5-8C7C-FEB88BBEC277}.Release|x64.Build.0 = Release|Any CPU
		{1075A1EB-DC27-4388-8DE8-717431FF5D05}.Debug|Any CPU.ActiveCfg = Debug|Any CPU
		{1075A1EB-DC27-4388-8DE8-717431FF5D05}.Debug|Any CPU.Build.0 = Debug|Any CPU
		{1075A1EB-DC27-4388-8DE8-717431FF5D05}.Debug|x64.ActiveCfg = Debug|x64
		{1075A1EB-DC27-4388-8DE8-717431FF5D05}.Debug|x64.Build.0 = Debug|x64
		{1075A1EB-DC27-4388-8DE8-717431FF5D05}.Release|Any CPU.ActiveCfg = Release|Any CPU
		{1075A1EB-DC27-4388-8DE8-717431FF5D05}.Release|Any CPU.Build.0 = Release|Any CPU
		{1075A1EB-DC27-4388-8DE8-717431FF5D05}.Release|x64.ActiveCfg = Release|Any CPU
		{1075A1EB-DC27-4388-8DE8-717431FF5D05}.Release|x64.Build.0 = Release|Any CPU
		{B07FC4BF-CFC1-48CD-9566-AC828074487B}.Debug|Any CPU.ActiveCfg = Debug|Any CPU
		{B07FC4BF-CFC1-48CD-9566-AC828074487B}.Debug|Any CPU.Build.0 = Debug|Any CPU
		{B07FC4BF-CFC1-48CD-9566-AC828074487B}.Debug|x64.ActiveCfg = Debug|x64
		{B07FC4BF-CFC1-48CD-9566-AC828074487B}.Debug|x64.Build.0 = Debug|x64
		{B07FC4BF-CFC1-48CD-9566-AC828074487B}.Release|Any CPU.ActiveCfg = Release|Any CPU
		{B07FC4BF-CFC1-48CD-9566-AC828074487B}.Release|Any CPU.Build.0 = Release|Any CPU
		{B07FC4BF-CFC1-48CD-9566-AC828074487B}.Release|x64.ActiveCfg = Release|Any CPU
		{B07FC4BF-CFC1-48CD-9566-AC828074487B}.Release|x64.Build.0 = Release|Any CPU
		{F917DB3D-ED98-4EDA-B00E-E949896961AF}.Debug|Any CPU.ActiveCfg = Debug|Any CPU
		{F917DB3D-ED98-4EDA-B00E-E949896961AF}.Debug|Any CPU.Build.0 = Debug|Any CPU
		{F917DB3D-ED98-4EDA-B00E-E949896961AF}.Debug|x64.ActiveCfg = Debug|x64
		{F917DB3D-ED98-4EDA-B00E-E949896961AF}.Debug|x64.Build.0 = Debug|x64
		{F917DB3D-ED98-4EDA-B00E-E949896961AF}.Release|Any CPU.ActiveCfg = Release|Any CPU
		{F917DB3D-ED98-4EDA-B00E-E949896961AF}.Release|Any CPU.Build.0 = Release|Any CPU
		{F917DB3D-ED98-4EDA-B00E-E949896961AF}.Release|x64.ActiveCfg = Release|Any CPU
		{F917DB3D-ED98-4EDA-B00E-E949896961AF}.Release|x64.Build.0 = Release|Any CPU
	EndGlobalSection
	GlobalSection(SolutionProperties) = preSolution
		HideSolutionNode = FALSE
	EndGlobalSection
	GlobalSection(ExtensibilityGlobals) = postSolution
		SolutionGuid = {61F7FB11-1E47-470C-91E2-47F8143E1572}
	EndGlobalSection
EndGlobal
