Microsoft Visual Studio Solution File, Format Version 12.00
# Visual Studio Version 17
VisualStudioVersion = 17.0.31611.283
MinimumVisualStudioVersion = 10.0.40219.1
Project("{9A19103F-16F7-4668-BE54-9A1E7A4F7556}") = "CALMAUI", "CALMAUI\CALMAUI.csproj", "{B9EFCBCF-CF6A-4A73-A02E-A6E2B586D58B}"
EndProject
Project("{FAE04EC0-301F-11D3-BF4B-00C04F79EFBC}") = "CalCore23", "CalCore23\CalCore23.csproj", "{FC76B613-A8F7-4684-9173-147DD4B769DD}"
EndProject
Global
	GlobalSection(SolutionConfigurationPlatforms) = preSolution
		Debug|Any CPU = Debug|Any CPU
		Release|Any CPU = Release|Any CPU
	EndGlobalSection
	GlobalSection(ProjectConfigurationPlatforms) = postSolution
		{B9EFCBCF-CF6A-4A73-A02E-A6E2B586D58B}.Debug|Any CPU.ActiveCfg = Debug|Any CPU
		{B9EFCBCF-CF6A-4A73-A02E-A6E2B586D58B}.Debug|Any CPU.Build.0 = Debug|Any CPU
		{B9EFCBCF-CF6A-4A73-A02E-A6E2B586D58B}.Debug|Any CPU.Deploy.0 = Debug|Any CPU
		{B9EFCBCF-CF6A-4A73-A02E-A6E2B586D58B}.Release|Any CPU.ActiveCfg = Release|Any CPU
		{B9EFCBCF-CF6A-4A73-A02E-A6E2B586D58B}.Release|Any CPU.Build.0 = Release|Any CPU
		{B9EFCBCF-CF6A-4A73-A02E-A6E2B586D58B}.Release|Any CPU.Deploy.0 = Release|Any CPU
		{FC76B613-A8F7-4684-9173-147DD4B769DD}.Debug|Any CPU.ActiveCfg = Debug|Any CPU
		{FC76B613-A8F7-4684-9173-147DD4B769DD}.Debug|Any CPU.Build.0 = Debug|Any CPU
		{FC76B613-A8F7-4684-9173-147DD4B769DD}.Release|Any CPU.ActiveCfg = Release|Any CPU
		{FC76B613-A8F7-4684-9173-147DD4B769DD}.Release|Any CPU.Build.0 = Release|Any CPU
	EndGlobalSection
	GlobalSection(SolutionProperties) = preSolution
		HideSolutionNode = FALSE
	EndGlobalSection
	GlobalSection(ExtensibilityGlobals) = postSolution
		SolutionGuid = {61F7FB11-1E47-470C-91E2-47F8143E1572}
	EndGlobalSection
EndGlobal
